
Microsoft Visual Studio Solution File, Format Version 12.00
# Visual Studio Version 17
VisualStudioVersion = 17.13.35825.156
MinimumVisualStudioVersion = 10.0.40219.1
Project("{2150E333-8FDC-42A3-9474-1A3956D46DE8}") = "src", "src", "{02EA681E-C7D8-13C7-8484-4AC65E1B71E8}"
EndProject
Project("{2150E333-8FDC-42A3-9474-1A3956D46DE8}") = "tests", "tests", "{833E001E-4DBB-4F0B-AE7E-65B115A9C530}"
EndProject
Project("{2150E333-8FDC-42A3-9474-1A3956D46DE8}") = "1 - Domain", "1 - Domain", "{07AAD214-AAE0-4027-88A5-E9D627708F85}"
EndProject
Project("{2150E333-8FDC-42A3-9474-1A3956D46DE8}") = "2 - Application", "2 - Application", "{B45BECF8-B308-434B-9BA8-CC16FAD21BA0}"
EndProject
Project("{2150E333-8FDC-42A3-9474-1A3956D46DE8}") = "3 - Infraestructure", "3 - Infraestructure", "{641FB0B5-39E3-4E54-AA9F-5DB0F8C4ABFB}"
EndProject
Project("{2150E333-8FDC-42A3-9474-1A3956D46DE8}") = "4 - Presentation", "4 - Presentation", "{8C001A9A-0CD1-46B4-91F9-7A964998064D}"
EndProject
Project("{FAE04EC0-301F-11D3-BF4B-00C04F79EFBC}") = "ConsolidadoDiario.Domain", "src\ConsolidadoDiario.Domain\ConsolidadoDiario.Domain.csproj", "{AE074D36-1C4D-4756-83CE-0E2619820EDA}"
EndProject
Project("{FAE04EC0-301F-11D3-BF4B-00C04F79EFBC}") = "ConsolidadoDiario.Application", "src\ConsolidadoDiario.Application\ConsolidadoDiario.Application.csproj", "{03F7D97B-B5B3-4E92-A540-E1C6DBCE4F23}"
EndProject
Project("{FAE04EC0-301F-11D3-BF4B-00C04F79EFBC}") = "ConsolidadoDiario.ORM", "src\ConsolidadoDiario.ORM\ConsolidadoDiario.ORM.csproj", "{562A4E67-E106-486A-A163-C369E7B560F8}"
EndProject
Project("{FAE04EC0-301F-11D3-BF4B-00C04F79EFBC}") = "ConsolidadoDiario.Api", "src\ConsolidadoDiario.Api\ConsolidadoDiario.Api.csproj", "{BAC92DCE-11B5-4281-9F95-3D1F5DF03370}"
EndProject
Project("{FAE04EC0-301F-11D3-BF4B-00C04F79EFBC}") = "ConsolidadoDiario.IoC", "src\ConsolidadoDiario.IoC\ConsolidadoDiario.IoC.csproj", "{DBE6B2F9-3A04-4D4D-B03F-83D54482F50A}"
EndProject
Project("{FAE04EC0-301F-11D3-BF4B-00C04F79EFBC}") = "ConsolidadoDiario.Messaging", "src\ConsolidadoDiario.Messaging\ConsolidadoDiario.Messaging.csproj", "{EE211477-1286-497B-9135-0534414E41B8}"
EndProject
Global
	GlobalSection(SolutionConfigurationPlatforms) = preSolution
		Debug|Any CPU = Debug|Any CPU
		Release|Any CPU = Release|Any CPU
	EndGlobalSection
	GlobalSection(ProjectConfigurationPlatforms) = postSolution
		{AE074D36-1C4D-4756-83CE-0E2619820EDA}.Debug|Any CPU.ActiveCfg = Debug|Any CPU
		{AE074D36-1C4D-4756-83CE-0E2619820EDA}.Debug|Any CPU.Build.0 = Debug|Any CPU
		{AE074D36-1C4D-4756-83CE-0E2619820EDA}.Release|Any CPU.ActiveCfg = Release|Any CPU
		{AE074D36-1C4D-4756-83CE-0E2619820EDA}.Release|Any CPU.Build.0 = Release|Any CPU
		{03F7D97B-B5B3-4E92-A540-E1C6DBCE4F23}.Debug|Any CPU.ActiveCfg = Debug|Any CPU
		{03F7D97B-B5B3-4E92-A540-E1C6DBCE4F23}.Debug|Any CPU.Build.0 = Debug|Any CPU
		{03F7D97B-B5B3-4E92-A540-E1C6DBCE4F23}.Release|Any CPU.ActiveCfg = Release|Any CPU
		{03F7D97B-B5B3-4E92-A540-E1C6DBCE4F23}.Release|Any CPU.Build.0 = Release|Any CPU
		{562A4E67-E106-486A-A163-C369E7B560F8}.Debug|Any CPU.ActiveCfg = Debug|Any CPU
		{562A4E67-E106-486A-A163-C369E7B560F8}.Debug|Any CPU.Build.0 = Debug|Any CPU
		{562A4E67-E106-486A-A163-C369E7B560F8}.Release|Any CPU.ActiveCfg = Release|Any CPU
		{562A4E67-E106-486A-A163-C369E7B560F8}.Release|Any CPU.Build.0 = Release|Any CPU
		{BAC92DCE-11B5-4281-9F95-3D1F5DF03370}.Debug|Any CPU.ActiveCfg = Debug|Any CPU
		{BAC92DCE-11B5-4281-9F95-3D1F5DF03370}.Debug|Any CPU.Build.0 = Debug|Any CPU
		{BAC92DCE-11B5-4281-9F95-3D1F5DF03370}.Release|Any CPU.ActiveCfg = Release|Any CPU
		{BAC92DCE-11B5-4281-9F95-3D1F5DF03370}.Release|Any CPU.Build.0 = Release|Any CPU
		{DBE6B2F9-3A04-4D4D-B03F-83D54482F50A}.Debug|Any CPU.ActiveCfg = Debug|Any CPU
		{DBE6B2F9-3A04-4D4D-B03F-83D54482F50A}.Debug|Any CPU.Build.0 = Debug|Any CPU
		{DBE6B2F9-3A04-4D4D-B03F-83D54482F50A}.Release|Any CPU.ActiveCfg = Release|Any CPU
		{DBE6B2F9-3A04-4D4D-B03F-83D54482F50A}.Release|Any CPU.Build.0 = Release|Any CPU
		{EE211477-1286-497B-9135-0534414E41B8}.Debug|Any CPU.ActiveCfg = Debug|Any CPU
		{EE211477-1286-497B-9135-0534414E41B8}.Debug|Any CPU.Build.0 = Debug|Any CPU
		{EE211477-1286-497B-9135-0534414E41B8}.Release|Any CPU.ActiveCfg = Release|Any CPU
		{EE211477-1286-497B-9135-0534414E41B8}.Release|Any CPU.Build.0 = Release|Any CPU
	EndGlobalSection
	GlobalSection(SolutionProperties) = preSolution
		HideSolutionNode = FALSE
	EndGlobalSection
	GlobalSection(NestedProjects) = preSolution
		{07AAD214-AAE0-4027-88A5-E9D627708F85} = {02EA681E-C7D8-13C7-8484-4AC65E1B71E8}
		{B45BECF8-B308-434B-9BA8-CC16FAD21BA0} = {02EA681E-C7D8-13C7-8484-4AC65E1B71E8}
		{641FB0B5-39E3-4E54-AA9F-5DB0F8C4ABFB} = {02EA681E-C7D8-13C7-8484-4AC65E1B71E8}
		{8C001A9A-0CD1-46B4-91F9-7A964998064D} = {02EA681E-C7D8-13C7-8484-4AC65E1B71E8}
		{AE074D36-1C4D-4756-83CE-0E2619820EDA} = {07AAD214-AAE0-4027-88A5-E9D627708F85}
		{03F7D97B-B5B3-4E92-A540-E1C6DBCE4F23} = {B45BECF8-B308-434B-9BA8-CC16FAD21BA0}
		{562A4E67-E106-486A-A163-C369E7B560F8} = {641FB0B5-39E3-4E54-AA9F-5DB0F8C4ABFB}
		{BAC92DCE-11B5-4281-9F95-3D1F5DF03370} = {8C001A9A-0CD1-46B4-91F9-7A964998064D}
		{DBE6B2F9-3A04-4D4D-B03F-83D54482F50A} = {641FB0B5-39E3-4E54-AA9F-5DB0F8C4ABFB}
		{EE211477-1286-497B-9135-0534414E41B8} = {641FB0B5-39E3-4E54-AA9F-5DB0F8C4ABFB}
	EndGlobalSection
	GlobalSection(ExtensibilityGlobals) = postSolution
		SolutionGuid = {107462C0-B180-49DA-96D7-BA5E5A5CD7C3}
	EndGlobalSection
EndGlobal
